// !$*UTF8*$!
{
	archiveVersion = 1;
	classes = {
	};
	objectVersion = 51;
	objects = {

/* Begin PBXBuildFile section */
		31773B1341510F5C7E62A33E /* Pods_PlaystationGamePriceAlert_iOS.framework in Frameworks */ = {isa = PBXBuildFile; fileRef = 89FDFE6BBF86ACB816E71E2E /* Pods_PlaystationGamePriceAlert_iOS.framework */; };
		E088521025BECD2800783CDA /* GameModel.swift in Sources */ = {isa = PBXBuildFile; fileRef = E088520F25BECD2800783CDA /* GameModel.swift */; };
		E0DF08E425B7F5820049A65F /* AppDelegate.swift in Sources */ = {isa = PBXBuildFile; fileRef = E0DF08E325B7F5820049A65F /* AppDelegate.swift */; };
		E0DF08E625B7F5820049A65F /* SceneDelegate.swift in Sources */ = {isa = PBXBuildFile; fileRef = E0DF08E525B7F5820049A65F /* SceneDelegate.swift */; };
		E0DF08EB25B7F5820049A65F /* Main.storyboard in Resources */ = {isa = PBXBuildFile; fileRef = E0DF08E925B7F5820049A65F /* Main.storyboard */; };
		E0DF08ED25B7F5830049A65F /* Assets.xcassets in Resources */ = {isa = PBXBuildFile; fileRef = E0DF08EC25B7F5830049A65F /* Assets.xcassets */; };
		E0DF08F025B7F5830049A65F /* LaunchScreen.storyboard in Resources */ = {isa = PBXBuildFile; fileRef = E0DF08EE25B7F5830049A65F /* LaunchScreen.storyboard */; };
		E0E44B4B25BEED58004D561F /* WillReleaseViewController.swift in Sources */ = {isa = PBXBuildFile; fileRef = E0E44B4A25BEED58004D561F /* WillReleaseViewController.swift */; };
		E0E44B4E25BEED68004D561F /* PromotionViewController.swift in Sources */ = {isa = PBXBuildFile; fileRef = E0E44B4D25BEED68004D561F /* PromotionViewController.swift */; };
		E0E44B5125BEED74004D561F /* SettingViewController.swift in Sources */ = {isa = PBXBuildFile; fileRef = E0E44B5025BEED74004D561F /* SettingViewController.swift */; };
		E0E44B5425BEED86004D561F /* SearchViewController.swift in Sources */ = {isa = PBXBuildFile; fileRef = E0E44B5325BEED86004D561F /* SearchViewController.swift */; };
		E0E44B5725BEED95004D561F /* TrackingListViewController.swift in Sources */ = {isa = PBXBuildFile; fileRef = E0E44B5625BEED95004D561F /* TrackingListViewController.swift */; };
/* End PBXBuildFile section */

/* Begin PBXFileReference section */
		781A0C9314ECE690BDA2FBBD /* Pods-PlaystationGamePriceAlert_iOS.debug.xcconfig */ = {isa = PBXFileReference; includeInIndex = 1; lastKnownFileType = text.xcconfig; name = "Pods-PlaystationGamePriceAlert_iOS.debug.xcconfig"; path = "Target Support Files/Pods-PlaystationGamePriceAlert_iOS/Pods-PlaystationGamePriceAlert_iOS.debug.xcconfig"; sourceTree = "<group>"; };
		89FDFE6BBF86ACB816E71E2E /* Pods_PlaystationGamePriceAlert_iOS.framework */ = {isa = PBXFileReference; explicitFileType = wrapper.framework; includeInIndex = 0; path = Pods_PlaystationGamePriceAlert_iOS.framework; sourceTree = BUILT_PRODUCTS_DIR; };
		E088520F25BECD2800783CDA /* GameModel.swift */ = {isa = PBXFileReference; lastKnownFileType = sourcecode.swift; path = GameModel.swift; sourceTree = "<group>"; };
		E0DF08E025B7F5820049A65F /* PlaystationGamePriceAlert_iOS.app */ = {isa = PBXFileReference; explicitFileType = wrapper.application; includeInIndex = 0; path = PlaystationGamePriceAlert_iOS.app; sourceTree = BUILT_PRODUCTS_DIR; };
		E0DF08E325B7F5820049A65F /* AppDelegate.swift */ = {isa = PBXFileReference; lastKnownFileType = sourcecode.swift; path = AppDelegate.swift; sourceTree = "<group>"; };
		E0DF08E525B7F5820049A65F /* SceneDelegate.swift */ = {isa = PBXFileReference; lastKnownFileType = sourcecode.swift; path = SceneDelegate.swift; sourceTree = "<group>"; };
		E0DF08EA25B7F5820049A65F /* Base */ = {isa = PBXFileReference; lastKnownFileType = file.storyboard; name = Base; path = Base.lproj/Main.storyboard; sourceTree = "<group>"; };
		E0DF08EC25B7F5830049A65F /* Assets.xcassets */ = {isa = PBXFileReference; lastKnownFileType = folder.assetcatalog; path = Assets.xcassets; sourceTree = "<group>"; };
		E0DF08EF25B7F5830049A65F /* Base */ = {isa = PBXFileReference; lastKnownFileType = file.storyboard; name = Base; path = Base.lproj/LaunchScreen.storyboard; sourceTree = "<group>"; };
		E0DF08F125B7F5830049A65F /* Info.plist */ = {isa = PBXFileReference; lastKnownFileType = text.plist.xml; path = Info.plist; sourceTree = "<group>"; };
		E0E44B4A25BEED58004D561F /* WillReleaseViewController.swift */ = {isa = PBXFileReference; lastKnownFileType = sourcecode.swift; path = WillReleaseViewController.swift; sourceTree = "<group>"; };
		E0E44B4D25BEED68004D561F /* PromotionViewController.swift */ = {isa = PBXFileReference; lastKnownFileType = sourcecode.swift; path = PromotionViewController.swift; sourceTree = "<group>"; };
		E0E44B5025BEED74004D561F /* SettingViewController.swift */ = {isa = PBXFileReference; lastKnownFileType = sourcecode.swift; path = SettingViewController.swift; sourceTree = "<group>"; };
		E0E44B5325BEED86004D561F /* SearchViewController.swift */ = {isa = PBXFileReference; lastKnownFileType = sourcecode.swift; path = SearchViewController.swift; sourceTree = "<group>"; };
		E0E44B5625BEED95004D561F /* TrackingListViewController.swift */ = {isa = PBXFileReference; lastKnownFileType = sourcecode.swift; path = TrackingListViewController.swift; sourceTree = "<group>"; };
		ECC40F7A1F60ACC8FA96A98B /* Pods-PlaystationGamePriceAlert_iOS.release.xcconfig */ = {isa = PBXFileReference; includeInIndex = 1; lastKnownFileType = text.xcconfig; name = "Pods-PlaystationGamePriceAlert_iOS.release.xcconfig"; path = "Target Support Files/Pods-PlaystationGamePriceAlert_iOS/Pods-PlaystationGamePriceAlert_iOS.release.xcconfig"; sourceTree = "<group>"; };
/* End PBXFileReference section */

/* Begin PBXFrameworksBuildPhase section */
		E0DF08DD25B7F5820049A65F /* Frameworks */ = {
			isa = PBXFrameworksBuildPhase;
			buildActionMask = 2147483647;
			files = (
				31773B1341510F5C7E62A33E /* Pods_PlaystationGamePriceAlert_iOS.framework in Frameworks */,
			);
			runOnlyForDeploymentPostprocessing = 0;
		};
/* End PBXFrameworksBuildPhase section */

/* Begin PBXGroup section */
		AEC7FF48BE45FE6B0FB996BE /* Frameworks */ = {
			isa = PBXGroup;
			children = (
				89FDFE6BBF86ACB816E71E2E /* Pods_PlaystationGamePriceAlert_iOS.framework */,
			);
			name = Frameworks;
			sourceTree = "<group>";
		};
		C6FE1218A7AEC241E673062D /* Pods */ = {
			isa = PBXGroup;
			children = (
				781A0C9314ECE690BDA2FBBD /* Pods-PlaystationGamePriceAlert_iOS.debug.xcconfig */,
				ECC40F7A1F60ACC8FA96A98B /* Pods-PlaystationGamePriceAlert_iOS.release.xcconfig */,
			);
			path = Pods;
			sourceTree = "<group>";
		};
		E022075225BEC84500AA35C5 /* StoryBoard */ = {
			isa = PBXGroup;
			children = (
				E0DF08E925B7F5820049A65F /* Main.storyboard */,
				E0DF08EE25B7F5830049A65F /* LaunchScreen.storyboard */,
			);
			path = StoryBoard;
			sourceTree = "<group>";
		};
		E088520E25BECCC200783CDA /* Model */ = {
			isa = PBXGroup;
			children = (
				E088520F25BECD2800783CDA /* GameModel.swift */,
			);
			path = Model;
			sourceTree = "<group>";
		};
		E0DF08D725B7F5820049A65F = {
			isa = PBXGroup;
			children = (
				E0DF08E225B7F5820049A65F /* PlaystationGamePriceAlert_iOS */,
				E0DF08E125B7F5820049A65F /* Products */,
				C6FE1218A7AEC241E673062D /* Pods */,
				AEC7FF48BE45FE6B0FB996BE /* Frameworks */,
			);
			sourceTree = "<group>";
		};
		E0DF08E125B7F5820049A65F /* Products */ = {
			isa = PBXGroup;
			children = (
				E0DF08E025B7F5820049A65F /* PlaystationGamePriceAlert_iOS.app */,
			);
			name = Products;
			sourceTree = "<group>";
		};
		E0DF08E225B7F5820049A65F /* PlaystationGamePriceAlert_iOS */ = {
			isa = PBXGroup;
			children = (
				E0DF08E325B7F5820049A65F /* AppDelegate.swift */,
				E0DF08E525B7F5820049A65F /* SceneDelegate.swift */,
				E022075225BEC84500AA35C5 /* StoryBoard */,
				E0E44B4725BEEC02004D561F /* ViewController */,
				E088520E25BECCC200783CDA /* Model */,
				E0DF08EC25B7F5830049A65F /* Assets.xcassets */,
				E0DF08F125B7F5830049A65F /* Info.plist */,
			);
			path = PlaystationGamePriceAlert_iOS;
			sourceTree = "<group>";
		};
		E0E44B4725BEEC02004D561F /* ViewController */ = {
			isa = PBXGroup;
			children = (
				E0E44B4A25BEED58004D561F /* WillReleaseViewController.swift */,
				E0E44B4D25BEED68004D561F /* PromotionViewController.swift */,
				E0E44B5025BEED74004D561F /* SettingViewController.swift */,
				E0E44B5325BEED86004D561F /* SearchViewController.swift */,
				E0E44B5625BEED95004D561F /* TrackingListViewController.swift */,
			);
			path = ViewController;
			sourceTree = "<group>";
		};
/* End PBXGroup section */

/* Begin PBXNativeTarget section */
		E0DF08DF25B7F5820049A65F /* PlaystationGamePriceAlert_iOS */ = {
			isa = PBXNativeTarget;
			buildConfigurationList = E0DF08F425B7F5830049A65F /* Build configuration list for PBXNativeTarget "PlaystationGamePriceAlert_iOS" */;
			buildPhases = (
				CA27435663853967D1E9F916 /* [CP] Check Pods Manifest.lock */,
				E0DF08DC25B7F5820049A65F /* Sources */,
				E0DF08DD25B7F5820049A65F /* Frameworks */,
				E0DF08DE25B7F5820049A65F /* Resources */,
				0DEDB06558B0DC5AE148FB12 /* [CP] Embed Pods Frameworks */,
			);
			buildRules = (
			);
			dependencies = (
			);
			name = PlaystationGamePriceAlert_iOS;
			productName = PlaystationGamePriceAlert_iOS;
			productReference = E0DF08E025B7F5820049A65F /* PlaystationGamePriceAlert_iOS.app */;
			productType = "com.apple.product-type.application";
		};
/* End PBXNativeTarget section */

/* Begin PBXProject section */
		E0DF08D825B7F5820049A65F /* Project object */ = {
			isa = PBXProject;
			attributes = {
				LastSwiftUpdateCheck = 1230;
				LastUpgradeCheck = 1230;
				TargetAttributes = {
					E0DF08DF25B7F5820049A65F = {
						CreatedOnToolsVersion = 12.3;
					};
				};
			};
			buildConfigurationList = E0DF08DB25B7F5820049A65F /* Build configuration list for PBXProject "PlaystationGamePriceAlert_iOS" */;
			compatibilityVersion = "Xcode 9.3";
			developmentRegion = en;
			hasScannedForEncodings = 0;
			knownRegions = (
				en,
				Base,
			);
			mainGroup = E0DF08D725B7F5820049A65F;
			productRefGroup = E0DF08E125B7F5820049A65F /* Products */;
			projectDirPath = "";
			projectRoot = "";
			targets = (
				E0DF08DF25B7F5820049A65F /* PlaystationGamePriceAlert_iOS */,
			);
		};
/* End PBXProject section */

/* Begin PBXResourcesBuildPhase section */
		E0DF08DE25B7F5820049A65F /* Resources */ = {
			isa = PBXResourcesBuildPhase;
			buildActionMask = 2147483647;
			files = (
				E0DF08F025B7F5830049A65F /* LaunchScreen.storyboard in Resources */,
				E0DF08ED25B7F5830049A65F /* Assets.xcassets in Resources */,
				E0DF08EB25B7F5820049A65F /* Main.storyboard in Resources */,
			);
			runOnlyForDeploymentPostprocessing = 0;
		};
/* End PBXResourcesBuildPhase section */

/* Begin PBXShellScriptBuildPhase section */
		0DEDB06558B0DC5AE148FB12 /* [CP] Embed Pods Frameworks */ = {
			isa = PBXShellScriptBuildPhase;
			buildActionMask = 2147483647;
			files = (
			);
			inputFileListPaths = (
				"${PODS_ROOT}/Target Support Files/Pods-PlaystationGamePriceAlert_iOS/Pods-PlaystationGamePriceAlert_iOS-frameworks-${CONFIGURATION}-input-files.xcfilelist",
			);
			name = "[CP] Embed Pods Frameworks";
			outputFileListPaths = (
				"${PODS_ROOT}/Target Support Files/Pods-PlaystationGamePriceAlert_iOS/Pods-PlaystationGamePriceAlert_iOS-frameworks-${CONFIGURATION}-output-files.xcfilelist",
			);
			runOnlyForDeploymentPostprocessing = 0;
			shellPath = /bin/sh;
			shellScript = "\"${PODS_ROOT}/Target Support Files/Pods-PlaystationGamePriceAlert_iOS/Pods-PlaystationGamePriceAlert_iOS-frameworks.sh\"\n";
			showEnvVarsInLog = 0;
		};
		CA27435663853967D1E9F916 /* [CP] Check Pods Manifest.lock */ = {
			isa = PBXShellScriptBuildPhase;
			buildActionMask = 2147483647;
			files = (
			);
			inputFileListPaths = (
			);
			inputPaths = (
				"${PODS_PODFILE_DIR_PATH}/Podfile.lock",
				"${PODS_ROOT}/Manifest.lock",
			);
			name = "[CP] Check Pods Manifest.lock";
			outputFileListPaths = (
			);
			outputPaths = (
				"$(DERIVED_FILE_DIR)/Pods-PlaystationGamePriceAlert_iOS-checkManifestLockResult.txt",
			);
			runOnlyForDeploymentPostprocessing = 0;
			shellPath = /bin/sh;
			shellScript = "diff \"${PODS_PODFILE_DIR_PATH}/Podfile.lock\" \"${PODS_ROOT}/Manifest.lock\" > /dev/null\nif [ $? != 0 ] ; then\n    # print error to STDERR\n    echo \"error: The sandbox is not in sync with the Podfile.lock. Run 'pod install' or update your CocoaPods installation.\" >&2\n    exit 1\nfi\n# This output is used by Xcode 'outputs' to avoid re-running this script phase.\necho \"SUCCESS\" > \"${SCRIPT_OUTPUT_FILE_0}\"\n";
			showEnvVarsInLog = 0;
		};
/* End PBXShellScriptBuildPhase section */

/* Begin PBXSourcesBuildPhase section */
		E0DF08DC25B7F5820049A65F /* Sources */ = {
			isa = PBXSourcesBuildPhase;
			buildActionMask = 2147483647;
			files = (
				E088521025BECD2800783CDA /* GameModel.swift in Sources */,
				E0E44B5425BEED86004D561F /* SearchViewController.swift in Sources */,
				E0E44B5725BEED95004D561F /* TrackingListViewController.swift in Sources */,
				E0E44B4E25BEED68004D561F /* PromotionViewController.swift in Sources */,
				E0DF08E425B7F5820049A65F /* AppDelegate.swift in Sources */,
				E0E44B4B25BEED58004D561F /* WillReleaseViewController.swift in Sources */,
				E0DF08E625B7F5820049A65F /* SceneDelegate.swift in Sources */,
				E0E44B5125BEED74004D561F /* SettingViewController.swift in Sources */,
			);
			runOnlyForDeploymentPostprocessing = 0;
		};
/* End PBXSourcesBuildPhase section */

/* Begin PBXVariantGroup section */
		E0DF08E925B7F5820049A65F /* Main.storyboard */ = {
			isa = PBXVariantGroup;
			children = (
				E0DF08EA25B7F5820049A65F /* Base */,
			);
			name = Main.storyboard;
			sourceTree = "<group>";
		};
		E0DF08EE25B7F5830049A65F /* LaunchScreen.storyboard */ = {
			isa = PBXVariantGroup;
			children = (
				E0DF08EF25B7F5830049A65F /* Base */,
			);
			name = LaunchScreen.storyboard;
			sourceTree = "<group>";
		};
/* End PBXVariantGroup section */

/* Begin XCBuildConfiguration section */
		E0DF08F225B7F5830049A65F /* Debug */ = {
			isa = XCBuildConfiguration;
			buildSettings = {
				ALWAYS_SEARCH_USER_PATHS = NO;
				CLANG_ANALYZER_NONNULL = YES;
				CLANG_ANALYZER_NUMBER_OBJECT_CONVERSION = YES_AGGRESSIVE;
				CLANG_CXX_LANGUAGE_STANDARD = "gnu++14";
				CLANG_CXX_LIBRARY = "libc++";
				CLANG_ENABLE_MODULES = YES;
				CLANG_ENABLE_OBJC_ARC = YES;
				CLANG_ENABLE_OBJC_WEAK = YES;
				CLANG_WARN_BLOCK_CAPTURE_AUTORELEASING = YES;
				CLANG_WARN_BOOL_CONVERSION = YES;
				CLANG_WARN_COMMA = YES;
				CLANG_WARN_CONSTANT_CONVERSION = YES;
				CLANG_WARN_DEPRECATED_OBJC_IMPLEMENTATIONS = YES;
				CLANG_WARN_DIRECT_OBJC_ISA_USAGE = YES_ERROR;
				CLANG_WARN_DOCUMENTATION_COMMENTS = YES;
				CLANG_WARN_EMPTY_BODY = YES;
				CLANG_WARN_ENUM_CONVERSION = YES;
				CLANG_WARN_INFINITE_RECURSION = YES;
				CLANG_WARN_INT_CONVERSION = YES;
				CLANG_WARN_NON_LITERAL_NULL_CONVERSION = YES;
				CLANG_WARN_OBJC_IMPLICIT_RETAIN_SELF = YES;
				CLANG_WARN_OBJC_LITERAL_CONVERSION = YES;
				CLANG_WARN_OBJC_ROOT_CLASS = YES_ERROR;
				CLANG_WARN_QUOTED_INCLUDE_IN_FRAMEWORK_HEADER = YES;
				CLANG_WARN_RANGE_LOOP_ANALYSIS = YES;
				CLANG_WARN_STRICT_PROTOTYPES = YES;
				CLANG_WARN_SUSPICIOUS_MOVE = YES;
				CLANG_WARN_UNGUARDED_AVAILABILITY = YES_AGGRESSIVE;
				CLANG_WARN_UNREACHABLE_CODE = YES;
				CLANG_WARN__DUPLICATE_METHOD_MATCH = YES;
				COPY_PHASE_STRIP = NO;
				DEBUG_INFORMATION_FORMAT = dwarf;
				ENABLE_STRICT_OBJC_MSGSEND = YES;
				ENABLE_TESTABILITY = YES;
				GCC_C_LANGUAGE_STANDARD = gnu11;
				GCC_DYNAMIC_NO_PIC = NO;
				GCC_NO_COMMON_BLOCKS = YES;
				GCC_OPTIMIZATION_LEVEL = 0;
				GCC_PREPROCESSOR_DEFINITIONS = (
					"DEBUG=1",
					"$(inherited)",
				);
				GCC_WARN_64_TO_32_BIT_CONVERSION = YES;
				GCC_WARN_ABOUT_RETURN_TYPE = YES_ERROR;
				GCC_WARN_UNDECLARED_SELECTOR = YES;
				GCC_WARN_UNINITIALIZED_AUTOS = YES_AGGRESSIVE;
				GCC_WARN_UNUSED_FUNCTION = YES;
				GCC_WARN_UNUSED_VARIABLE = YES;
				IPHONEOS_DEPLOYMENT_TARGET = 14.3;
				MTL_ENABLE_DEBUG_INFO = INCLUDE_SOURCE;
				MTL_FAST_MATH = YES;
				ONLY_ACTIVE_ARCH = YES;
				SDKROOT = iphoneos;
				SWIFT_ACTIVE_COMPILATION_CONDITIONS = DEBUG;
				SWIFT_OPTIMIZATION_LEVEL = "-Onone";
			};
			name = Debug;
		};
		E0DF08F325B7F5830049A65F /* Release */ = {
			isa = XCBuildConfiguration;
			buildSettings = {
				ALWAYS_SEARCH_USER_PATHS = NO;
				CLANG_ANALYZER_NONNULL = YES;
				CLANG_ANALYZER_NUMBER_OBJECT_CONVERSION = YES_AGGRESSIVE;
				CLANG_CXX_LANGUAGE_STANDARD = "gnu++14";
				CLANG_CXX_LIBRARY = "libc++";
				CLANG_ENABLE_MODULES = YES;
				CLANG_ENABLE_OBJC_ARC = YES;
				CLANG_ENABLE_OBJC_WEAK = YES;
				CLANG_WARN_BLOCK_CAPTURE_AUTORELEASING = YES;
				CLANG_WARN_BOOL_CONVERSION = YES;
				CLANG_WARN_COMMA = YES;
				CLANG_WARN_CONSTANT_CONVERSION = YES;
				CLANG_WARN_DEPRECATED_OBJC_IMPLEMENTATIONS = YES;
				CLANG_WARN_DIRECT_OBJC_ISA_USAGE = YES_ERROR;
				CLANG_WARN_DOCUMENTATION_COMMENTS = YES;
				CLANG_WARN_EMPTY_BODY = YES;
				CLANG_WARN_ENUM_CONVERSION = YES;
				CLANG_WARN_INFINITE_RECURSION = YES;
				CLANG_WARN_INT_CONVERSION = YES;
				CLANG_WARN_NON_LITERAL_NULL_CONVERSION = YES;
				CLANG_WARN_OBJC_IMPLICIT_RETAIN_SELF = YES;
				CLANG_WARN_OBJC_LITERAL_CONVERSION = YES;
				CLANG_WARN_OBJC_ROOT_CLASS = YES_ERROR;
				CLANG_WARN_QUOTED_INCLUDE_IN_FRAMEWORK_HEADER = YES;
				CLANG_WARN_RANGE_LOOP_ANALYSIS = YES;
				CLANG_WARN_STRICT_PROTOTYPES = YES;
				CLANG_WARN_SUSPICIOUS_MOVE = YES;
				CLANG_WARN_UNGUARDED_AVAILABILITY = YES_AGGRESSIVE;
				CLANG_WARN_UNREACHABLE_CODE = YES;
				CLANG_WARN__DUPLICATE_METHOD_MATCH = YES;
				COPY_PHASE_STRIP = NO;
				DEBUG_INFORMATION_FORMAT = "dwarf-with-dsym";
				ENABLE_NS_ASSERTIONS = NO;
				ENABLE_STRICT_OBJC_MSGSEND = YES;
				GCC_C_LANGUAGE_STANDARD = gnu11;
				GCC_NO_COMMON_BLOCKS = YES;
				GCC_WARN_64_TO_32_BIT_CONVERSION = YES;
				GCC_WARN_ABOUT_RETURN_TYPE = YES_ERROR;
				GCC_WARN_UNDECLARED_SELECTOR = YES;
				GCC_WARN_UNINITIALIZED_AUTOS = YES_AGGRESSIVE;
				GCC_WARN_UNUSED_FUNCTION = YES;
				GCC_WARN_UNUSED_VARIABLE = YES;
				IPHONEOS_DEPLOYMENT_TARGET = 14.3;
				MTL_ENABLE_DEBUG_INFO = NO;
				MTL_FAST_MATH = YES;
				SDKROOT = iphoneos;
				SWIFT_COMPILATION_MODE = wholemodule;
				SWIFT_OPTIMIZATION_LEVEL = "-O";
				VALIDATE_PRODUCT = YES;
			};
			name = Release;
		};
		E0DF08F525B7F5830049A65F /* Debug */ = {
			isa = XCBuildConfiguration;
			baseConfigurationReference = 781A0C9314ECE690BDA2FBBD /* Pods-PlaystationGamePriceAlert_iOS.debug.xcconfig */;
			buildSettings = {
				ASSETCATALOG_COMPILER_APPICON_NAME = AppIcon;
				ASSETCATALOG_COMPILER_GLOBAL_ACCENT_COLOR_NAME = AccentColor;
				CODE_SIGN_STYLE = Automatic;
				DEVELOPMENT_TEAM = NP2MGYX5PG;
				INFOPLIST_FILE = PlaystationGamePriceAlert_iOS/Info.plist;
				LD_RUNPATH_SEARCH_PATHS = (
					"$(inherited)",
					"@executable_path/Frameworks",
				);
				PRODUCT_BUNDLE_IDENTIFIER = "Hyeongyu-IM.PlaystationGamePriceAlert-iOS";
				PRODUCT_NAME = "$(TARGET_NAME)";
				SWIFT_VERSION = 5.0;
				TARGETED_DEVICE_FAMILY = 1;
			};
			name = Debug;
		};
		E0DF08F625B7F5830049A65F /* Release */ = {
			isa = XCBuildConfiguration;
			baseConfigurationReference = ECC40F7A1F60ACC8FA96A98B /* Pods-PlaystationGamePriceAlert_iOS.release.xcconfig */;
			buildSettings = {
				ASSETCATALOG_COMPILER_APPICON_NAME = AppIcon;
				ASSETCATALOG_COMPILER_GLOBAL_ACCENT_COLOR_NAME = AccentColor;
				CODE_SIGN_STYLE = Automatic;
				DEVELOPMENT_TEAM = NP2MGYX5PG;
				INFOPLIST_FILE = PlaystationGamePriceAlert_iOS/Info.plist;
				LD_RUNPATH_SEARCH_PATHS = (
					"$(inherited)",
					"@executable_path/Frameworks",
				);
				PRODUCT_BUNDLE_IDENTIFIER = "Hyeongyu-IM.PlaystationGamePriceAlert-iOS";
				PRODUCT_NAME = "$(TARGET_NAME)";
				SWIFT_VERSION = 5.0;
				TARGETED_DEVICE_FAMILY = 1;
			};
			name = Release;
		};
/* End XCBuildConfiguration section */

/* Begin XCConfigurationList section */
		E0DF08DB25B7F5820049A65F /* Build configuration list for PBXProject "PlaystationGamePriceAlert_iOS" */ = {
			isa = XCConfigurationList;
			buildConfigurations = (
				E0DF08F225B7F5830049A65F /* Debug */,
				E0DF08F325B7F5830049A65F /* Release */,
			);
			defaultConfigurationIsVisible = 0;
			defaultConfigurationName = Release;
		};
		E0DF08F425B7F5830049A65F /* Build configuration list for PBXNativeTarget "PlaystationGamePriceAlert_iOS" */ = {
			isa = XCConfigurationList;
			buildConfigurations = (
				E0DF08F525B7F5830049A65F /* Debug */,
				E0DF08F625B7F5830049A65F /* Release */,
			);
			defaultConfigurationIsVisible = 0;
			defaultConfigurationName = Release;
		};
/* End XCConfigurationList section */
	};
	rootObject = E0DF08D825B7F5820049A65F /* Project object */;
}
